
Microsoft Visual Studio Solution File, Format Version 12.00
# Visual Studio Version 16
VisualStudioVersion = 16.0.30225.117
MinimumVisualStudioVersion = 10.0.40219.1
Project("{9A19103F-16F7-4668-BE54-9A1E7A4F7556}") = "Calculator", "Calculator.csproj", "{B7E6DD79-BC5D-493A-8B35-BA861EADD367}"
EndProject
Project("{FAE04EC0-301F-11D3-BF4B-00C04F79EFBC}") = "Calculator.BusinessLogic", "..\Calculator.BusinessLogic\Calculator.BusinessLogic.csproj", "{52A5EC87-7E23-466B-B7A9-5370099D6104}"
EndProject
Global
	GlobalSection(SolutionConfigurationPlatforms) = preSolution
		Debug|Any CPU = Debug|Any CPU
		Release|Any CPU = Release|Any CPU
	EndGlobalSection
	GlobalSection(ProjectConfigurationPlatforms) = postSolution
		{B7E6DD79-BC5D-493A-8B35-BA861EADD367}.Debug|Any CPU.ActiveCfg = Debug|Any CPU
		{B7E6DD79-BC5D-493A-8B35-BA861EADD367}.Debug|Any CPU.Build.0 = Debug|Any CPU
		{B7E6DD79-BC5D-493A-8B35-BA861EADD367}.Release|Any CPU.ActiveCfg = Release|Any CPU
		{B7E6DD79-BC5D-493A-8B35-BA861EADD367}.Release|Any CPU.Build.0 = Release|Any CPU
		{52A5EC87-7E23-466B-B7A9-5370099D6104}.Debug|Any CPU.ActiveCfg = Debug|Any CPU
		{52A5EC87-7E23-466B-B7A9-5370099D6104}.Debug|Any CPU.Build.0 = Debug|Any CPU
		{52A5EC87-7E23-466B-B7A9-5370099D6104}.Release|Any CPU.ActiveCfg = Release|Any CPU
		{52A5EC87-7E23-466B-B7A9-5370099D6104}.Release|Any CPU.Build.0 = Release|Any CPU
	EndGlobalSection
	GlobalSection(SolutionProperties) = preSolution
		HideSolutionNode = FALSE
	EndGlobalSection
	GlobalSection(ExtensibilityGlobals) = postSolution
		SolutionGuid = {87A8223D-6C4A-4AFF-A7A1-C230DAD62171}
	EndGlobalSection
EndGlobal
